// !$*UTF8*$!
{
	archiveVersion = 1;
	classes = {
	};
	objectVersion = 56;
	objects = {

/* Begin PBXBuildFile section */
		6E203BF02969F26900F30F7B /* AppDelegate.swift in Sources */ = {isa = PBXBuildFile; fileRef = 6E203BEF2969F26900F30F7B /* AppDelegate.swift */; };
		6E203BF22969F26900F30F7B /* SceneDelegate.swift in Sources */ = {isa = PBXBuildFile; fileRef = 6E203BF12969F26900F30F7B /* SceneDelegate.swift */; };
		6E203BF42969F26900F30F7B /* ItemsViewController.swift in Sources */ = {isa = PBXBuildFile; fileRef = 6E203BF32969F26900F30F7B /* ItemsViewController.swift */; };
		6E203BF92969F26C00F30F7B /* Assets.xcassets in Resources */ = {isa = PBXBuildFile; fileRef = 6E203BF82969F26C00F30F7B /* Assets.xcassets */; };
		6E203BFC2969F26C00F30F7B /* LaunchScreen.storyboard in Resources */ = {isa = PBXBuildFile; fileRef = 6E203BFA2969F26C00F30F7B /* LaunchScreen.storyboard */; };
		6E203C072969F26C00F30F7B /* FoldersTests.swift in Sources */ = {isa = PBXBuildFile; fileRef = 6E203C062969F26C00F30F7B /* FoldersTests.swift */; };
		6EAD933B296C19F500F2211F /* ItemDetailsViewState.swift in Sources */ = {isa = PBXBuildFile; fileRef = 6EAD933A296C19F500F2211F /* ItemDetailsViewState.swift */; };
		6EAD933D296C62F000F2211F /* ItemDataRepository.swift in Sources */ = {isa = PBXBuildFile; fileRef = 6EAD933C296C62F000F2211F /* ItemDataRepository.swift */; };
		6EAD9340296C65AE00F2211F /* AuthenticationViewController.swift in Sources */ = {isa = PBXBuildFile; fileRef = 6EAD933F296C65AE00F2211F /* AuthenticationViewController.swift */; };
		6EAD9342296C65B900F2211F /* AuthenticationViewModel.swift in Sources */ = {isa = PBXBuildFile; fileRef = 6EAD9341296C65B900F2211F /* AuthenticationViewModel.swift */; };
		6EAD9346296C8AF900F2211F /* ImagePickerPresenter.swift in Sources */ = {isa = PBXBuildFile; fileRef = 6EAD9345296C8AF900F2211F /* ImagePickerPresenter.swift */; };
		6ED3B446296ADDE000018D07 /* APIService.swift in Sources */ = {isa = PBXBuildFile; fileRef = 6ED3B445296ADDE000018D07 /* APIService.swift */; };
		6ED3B448296ADDE900018D07 /* APIEndpoint.swift in Sources */ = {isa = PBXBuildFile; fileRef = 6ED3B447296ADDE900018D07 /* APIEndpoint.swift */; };
		6ED3B44A296ADE5300018D07 /* APIError.swift in Sources */ = {isa = PBXBuildFile; fileRef = 6ED3B449296ADE5300018D07 /* APIError.swift */; };
		6ED3B44C296ADEA400018D07 /* HTTPMethod.swift in Sources */ = {isa = PBXBuildFile; fileRef = 6ED3B44B296ADEA400018D07 /* HTTPMethod.swift */; };
		6ED3B44F296B40E400018D07 /* Endpoints.swift in Sources */ = {isa = PBXBuildFile; fileRef = 6ED3B44E296B40E400018D07 /* Endpoints.swift */; };
		6ED3B451296B40F000018D07 /* Model.swift in Sources */ = {isa = PBXBuildFile; fileRef = 6ED3B450296B40F000018D07 /* Model.swift */; };
		6ED3B453296B43F800018D07 /* DependenciesContainer.swift in Sources */ = {isa = PBXBuildFile; fileRef = 6ED3B452296B43F800018D07 /* DependenciesContainer.swift */; };
		6ED3B455296B527100018D07 /* Interceptor.swift in Sources */ = {isa = PBXBuildFile; fileRef = 6ED3B454296B527100018D07 /* Interceptor.swift */; };
		6ED3B457296B538100018D07 /* BasicAuthentication.swift in Sources */ = {isa = PBXBuildFile; fileRef = 6ED3B456296B538100018D07 /* BasicAuthentication.swift */; };
		6ED3B45A296B57D800018D07 /* AppCoordinator.swift in Sources */ = {isa = PBXBuildFile; fileRef = 6ED3B459296B57D800018D07 /* AppCoordinator.swift */; };
		6ED3B45D296B581400018D07 /* ItemsViewModel.swift in Sources */ = {isa = PBXBuildFile; fileRef = 6ED3B45C296B581400018D07 /* ItemsViewModel.swift */; };
		6ED3B462296B5A7300018D07 /* ItemsRepository.swift in Sources */ = {isa = PBXBuildFile; fileRef = 6ED3B461296B5A7300018D07 /* ItemsRepository.swift */; };
		6ED3B466296B793500018D07 /* MessagePresenter.swift in Sources */ = {isa = PBXBuildFile; fileRef = 6ED3B465296B793500018D07 /* MessagePresenter.swift */; };
		6ED3B468296B794A00018D07 /* Coordinator.swift in Sources */ = {isa = PBXBuildFile; fileRef = 6ED3B467296B794A00018D07 /* Coordinator.swift */; };
		6ED3B46A296B797F00018D07 /* String+.swift in Sources */ = {isa = PBXBuildFile; fileRef = 6ED3B469296B797F00018D07 /* String+.swift */; };
		6ED3B46C296B7ACC00018D07 /* LoadingView.swift in Sources */ = {isa = PBXBuildFile; fileRef = 6ED3B46B296B7ACC00018D07 /* LoadingView.swift */; };
		6ED3B46F296B7D3C00018D07 /* ItemCell.swift in Sources */ = {isa = PBXBuildFile; fileRef = 6ED3B46E296B7D3C00018D07 /* ItemCell.swift */; };
		6ED3B471296B89A700018D07 /* ItemsViewState.swift in Sources */ = {isa = PBXBuildFile; fileRef = 6ED3B470296B89A700018D07 /* ItemsViewState.swift */; };
		6ED3B473296B97E200018D07 /* ItemDetailsViewController.swift in Sources */ = {isa = PBXBuildFile; fileRef = 6ED3B472296B97E200018D07 /* ItemDetailsViewController.swift */; };
		6ED3B477296B9A1B00018D07 /* ItemDetailsViewModel.swift in Sources */ = {isa = PBXBuildFile; fileRef = 6ED3B476296B9A1B00018D07 /* ItemDetailsViewModel.swift */; };
		6ED3B479296BA29800018D07 /* Cache.swift in Sources */ = {isa = PBXBuildFile; fileRef = 6ED3B478296BA29800018D07 /* Cache.swift */; };
		6ED3B47B296BA2B500018D07 /* MemoryCache.swift in Sources */ = {isa = PBXBuildFile; fileRef = 6ED3B47A296BA2B500018D07 /* MemoryCache.swift */; };
		6ED3B47D296BA2D500018D07 /* DiskCache.swift in Sources */ = {isa = PBXBuildFile; fileRef = 6ED3B47C296BA2D500018D07 /* DiskCache.swift */; };
/* End PBXBuildFile section */

/* Begin PBXContainerItemProxy section */
		6E203C032969F26C00F30F7B /* PBXContainerItemProxy */ = {
			isa = PBXContainerItemProxy;
			containerPortal = 6E203BE42969F26900F30F7B /* Project object */;
			proxyType = 1;
			remoteGlobalIDString = 6E203BEB2969F26900F30F7B;
			remoteInfo = Folders;
		};
/* End PBXContainerItemProxy section */

/* Begin PBXFileReference section */
		6E203BEC2969F26900F30F7B /* Folders.app */ = {isa = PBXFileReference; explicitFileType = wrapper.application; includeInIndex = 0; path = Folders.app; sourceTree = BUILT_PRODUCTS_DIR; };
		6E203BEF2969F26900F30F7B /* AppDelegate.swift */ = {isa = PBXFileReference; lastKnownFileType = sourcecode.swift; path = AppDelegate.swift; sourceTree = "<group>"; };
		6E203BF12969F26900F30F7B /* SceneDelegate.swift */ = {isa = PBXFileReference; lastKnownFileType = sourcecode.swift; path = SceneDelegate.swift; sourceTree = "<group>"; };
		6E203BF32969F26900F30F7B /* ItemsViewController.swift */ = {isa = PBXFileReference; lastKnownFileType = sourcecode.swift; path = ItemsViewController.swift; sourceTree = "<group>"; };
		6E203BF82969F26C00F30F7B /* Assets.xcassets */ = {isa = PBXFileReference; lastKnownFileType = folder.assetcatalog; path = Assets.xcassets; sourceTree = "<group>"; };
		6E203BFB2969F26C00F30F7B /* Base */ = {isa = PBXFileReference; lastKnownFileType = file.storyboard; name = Base; path = Base.lproj/LaunchScreen.storyboard; sourceTree = "<group>"; };
		6E203BFD2969F26C00F30F7B /* Info.plist */ = {isa = PBXFileReference; lastKnownFileType = text.plist.xml; path = Info.plist; sourceTree = "<group>"; };
		6E203C022969F26C00F30F7B /* FoldersTests.xctest */ = {isa = PBXFileReference; explicitFileType = wrapper.cfbundle; includeInIndex = 0; path = FoldersTests.xctest; sourceTree = BUILT_PRODUCTS_DIR; };
		6E203C062969F26C00F30F7B /* FoldersTests.swift */ = {isa = PBXFileReference; lastKnownFileType = sourcecode.swift; path = FoldersTests.swift; sourceTree = "<group>"; };
		6EAD933A296C19F500F2211F /* ItemDetailsViewState.swift */ = {isa = PBXFileReference; lastKnownFileType = sourcecode.swift; path = ItemDetailsViewState.swift; sourceTree = "<group>"; };
		6EAD933C296C62F000F2211F /* ItemDataRepository.swift */ = {isa = PBXFileReference; lastKnownFileType = sourcecode.swift; path = ItemDataRepository.swift; sourceTree = "<group>"; };
		6EAD933F296C65AE00F2211F /* AuthenticationViewController.swift */ = {isa = PBXFileReference; lastKnownFileType = sourcecode.swift; path = AuthenticationViewController.swift; sourceTree = "<group>"; };
		6EAD9341296C65B900F2211F /* AuthenticationViewModel.swift */ = {isa = PBXFileReference; lastKnownFileType = sourcecode.swift; path = AuthenticationViewModel.swift; sourceTree = "<group>"; };
		6EAD9345296C8AF900F2211F /* ImagePickerPresenter.swift */ = {isa = PBXFileReference; lastKnownFileType = sourcecode.swift; path = ImagePickerPresenter.swift; sourceTree = "<group>"; };
		6ED3B445296ADDE000018D07 /* APIService.swift */ = {isa = PBXFileReference; lastKnownFileType = sourcecode.swift; path = APIService.swift; sourceTree = "<group>"; };
		6ED3B447296ADDE900018D07 /* APIEndpoint.swift */ = {isa = PBXFileReference; lastKnownFileType = sourcecode.swift; path = APIEndpoint.swift; sourceTree = "<group>"; };
		6ED3B449296ADE5300018D07 /* APIError.swift */ = {isa = PBXFileReference; lastKnownFileType = sourcecode.swift; path = APIError.swift; sourceTree = "<group>"; };
		6ED3B44B296ADEA400018D07 /* HTTPMethod.swift */ = {isa = PBXFileReference; lastKnownFileType = sourcecode.swift; path = HTTPMethod.swift; sourceTree = "<group>"; };
		6ED3B44E296B40E400018D07 /* Endpoints.swift */ = {isa = PBXFileReference; lastKnownFileType = sourcecode.swift; path = Endpoints.swift; sourceTree = "<group>"; };
		6ED3B450296B40F000018D07 /* Model.swift */ = {isa = PBXFileReference; lastKnownFileType = sourcecode.swift; path = Model.swift; sourceTree = "<group>"; };
		6ED3B452296B43F800018D07 /* DependenciesContainer.swift */ = {isa = PBXFileReference; lastKnownFileType = sourcecode.swift; path = DependenciesContainer.swift; sourceTree = "<group>"; };
		6ED3B454296B527100018D07 /* Interceptor.swift */ = {isa = PBXFileReference; lastKnownFileType = sourcecode.swift; path = Interceptor.swift; sourceTree = "<group>"; };
		6ED3B456296B538100018D07 /* BasicAuthentication.swift */ = {isa = PBXFileReference; lastKnownFileType = sourcecode.swift; path = BasicAuthentication.swift; sourceTree = "<group>"; };
		6ED3B459296B57D800018D07 /* AppCoordinator.swift */ = {isa = PBXFileReference; lastKnownFileType = sourcecode.swift; path = AppCoordinator.swift; sourceTree = "<group>"; };
		6ED3B45C296B581400018D07 /* ItemsViewModel.swift */ = {isa = PBXFileReference; lastKnownFileType = sourcecode.swift; path = ItemsViewModel.swift; sourceTree = "<group>"; };
		6ED3B461296B5A7300018D07 /* ItemsRepository.swift */ = {isa = PBXFileReference; lastKnownFileType = sourcecode.swift; path = ItemsRepository.swift; sourceTree = "<group>"; };
		6ED3B465296B793500018D07 /* MessagePresenter.swift */ = {isa = PBXFileReference; lastKnownFileType = sourcecode.swift; path = MessagePresenter.swift; sourceTree = "<group>"; };
		6ED3B467296B794A00018D07 /* Coordinator.swift */ = {isa = PBXFileReference; lastKnownFileType = sourcecode.swift; path = Coordinator.swift; sourceTree = "<group>"; };
		6ED3B469296B797F00018D07 /* String+.swift */ = {isa = PBXFileReference; lastKnownFileType = sourcecode.swift; path = "String+.swift"; sourceTree = "<group>"; };
		6ED3B46B296B7ACC00018D07 /* LoadingView.swift */ = {isa = PBXFileReference; lastKnownFileType = sourcecode.swift; path = LoadingView.swift; sourceTree = "<group>"; };
		6ED3B46E296B7D3C00018D07 /* ItemCell.swift */ = {isa = PBXFileReference; lastKnownFileType = sourcecode.swift; path = ItemCell.swift; sourceTree = "<group>"; };
		6ED3B470296B89A700018D07 /* ItemsViewState.swift */ = {isa = PBXFileReference; lastKnownFileType = sourcecode.swift; path = ItemsViewState.swift; sourceTree = "<group>"; };
		6ED3B472296B97E200018D07 /* ItemDetailsViewController.swift */ = {isa = PBXFileReference; lastKnownFileType = sourcecode.swift; path = ItemDetailsViewController.swift; sourceTree = "<group>"; };
		6ED3B476296B9A1B00018D07 /* ItemDetailsViewModel.swift */ = {isa = PBXFileReference; lastKnownFileType = sourcecode.swift; path = ItemDetailsViewModel.swift; sourceTree = "<group>"; };
		6ED3B478296BA29800018D07 /* Cache.swift */ = {isa = PBXFileReference; lastKnownFileType = sourcecode.swift; path = Cache.swift; sourceTree = "<group>"; };
		6ED3B47A296BA2B500018D07 /* MemoryCache.swift */ = {isa = PBXFileReference; lastKnownFileType = sourcecode.swift; path = MemoryCache.swift; sourceTree = "<group>"; };
		6ED3B47C296BA2D500018D07 /* DiskCache.swift */ = {isa = PBXFileReference; lastKnownFileType = sourcecode.swift; path = DiskCache.swift; sourceTree = "<group>"; };
/* End PBXFileReference section */

/* Begin PBXFrameworksBuildPhase section */
		6E203BE92969F26900F30F7B /* Frameworks */ = {
			isa = PBXFrameworksBuildPhase;
			buildActionMask = 2147483647;
			files = (
			);
			runOnlyForDeploymentPostprocessing = 0;
		};
		6E203BFF2969F26C00F30F7B /* Frameworks */ = {
			isa = PBXFrameworksBuildPhase;
			buildActionMask = 2147483647;
			files = (
			);
			runOnlyForDeploymentPostprocessing = 0;
		};
/* End PBXFrameworksBuildPhase section */

/* Begin PBXGroup section */
		6E203BE32969F26900F30F7B = {
			isa = PBXGroup;
			children = (
				6E203BEE2969F26900F30F7B /* Folders */,
				6E203C052969F26C00F30F7B /* FoldersTests */,
				6E203BED2969F26900F30F7B /* Products */,
			);
			sourceTree = "<group>";
		};
		6E203BED2969F26900F30F7B /* Products */ = {
			isa = PBXGroup;
			children = (
				6E203BEC2969F26900F30F7B /* Folders.app */,
				6E203C022969F26C00F30F7B /* FoldersTests.xctest */,
			);
			name = Products;
			sourceTree = "<group>";
		};
		6E203BEE2969F26900F30F7B /* Folders */ = {
			isa = PBXGroup;
			children = (
				6E203BEF2969F26900F30F7B /* AppDelegate.swift */,
				6E203BF12969F26900F30F7B /* SceneDelegate.swift */,
				6ED3B452296B43F800018D07 /* DependenciesContainer.swift */,
				6ED3B458296B57CA00018D07 /* View */,
				6ED3B460296B5A5900018D07 /* Repository */,
				6ED3B463296B5A8F00018D07 /* Cache */,
				6ED3B46D296B7AE000018D07 /* UI Components */,
				6ED3B464296B792300018D07 /* Core */,
				6ED3B44D296B3F9A00018D07 /* API */,
				6ED3B444296ADDAA00018D07 /* Networking */,
				6ED3B45B296B57E700018D07 /* Resources */,
			);
			path = Folders;
			sourceTree = "<group>";
		};
		6E203C052969F26C00F30F7B /* FoldersTests */ = {
			isa = PBXGroup;
			children = (
				6E203C062969F26C00F30F7B /* FoldersTests.swift */,
			);
			path = FoldersTests;
			sourceTree = "<group>";
		};
		6EAD933E296C659100F2211F /* Authentication */ = {
			isa = PBXGroup;
			children = (
				6EAD933F296C65AE00F2211F /* AuthenticationViewController.swift */,
				6EAD9341296C65B900F2211F /* AuthenticationViewModel.swift */,
			);
			name = Authentication;
			sourceTree = "<group>";
		};
		6ED3B444296ADDAA00018D07 /* Networking */ = {
			isa = PBXGroup;
			children = (
				6ED3B445296ADDE000018D07 /* APIService.swift */,
				6ED3B447296ADDE900018D07 /* APIEndpoint.swift */,
				6ED3B449296ADE5300018D07 /* APIError.swift */,
				6ED3B44B296ADEA400018D07 /* HTTPMethod.swift */,
				6ED3B454296B527100018D07 /* Interceptor.swift */,
				6ED3B456296B538100018D07 /* BasicAuthentication.swift */,
			);
			name = Networking;
			sourceTree = "<group>";
		};
		6ED3B44D296B3F9A00018D07 /* API */ = {
			isa = PBXGroup;
			children = (
				6ED3B44E296B40E400018D07 /* Endpoints.swift */,
				6ED3B450296B40F000018D07 /* Model.swift */,
			);
			name = API;
			sourceTree = "<group>";
		};
		6ED3B458296B57CA00018D07 /* View */ = {
			isa = PBXGroup;
			children = (
				6ED3B459296B57D800018D07 /* AppCoordinator.swift */,
				6EAD933E296C659100F2211F /* Authentication */,
				6ED3B474296B99E100018D07 /* Items */,
				6ED3B475296B99F100018D07 /* Item Details */,
			);
			name = View;
			sourceTree = "<group>";
		};
		6ED3B45B296B57E700018D07 /* Resources */ = {
			isa = PBXGroup;
			children = (
				6E203BF82969F26C00F30F7B /* Assets.xcassets */,
				6E203BFA2969F26C00F30F7B /* LaunchScreen.storyboard */,
				6E203BFD2969F26C00F30F7B /* Info.plist */,
			);
			name = Resources;
			sourceTree = "<group>";
		};
		6ED3B460296B5A5900018D07 /* Repository */ = {
			isa = PBXGroup;
			children = (
				6ED3B461296B5A7300018D07 /* ItemsRepository.swift */,
				6EAD933C296C62F000F2211F /* ItemDataRepository.swift */,
			);
			name = Repository;
			sourceTree = "<group>";
		};
		6ED3B463296B5A8F00018D07 /* Cache */ = {
			isa = PBXGroup;
			children = (
				6ED3B478296BA29800018D07 /* Cache.swift */,
				6ED3B47A296BA2B500018D07 /* MemoryCache.swift */,
				6ED3B47C296BA2D500018D07 /* DiskCache.swift */,
			);
			name = Cache;
			sourceTree = "<group>";
		};
		6ED3B464296B792300018D07 /* Core */ = {
			isa = PBXGroup;
			children = (
				6ED3B467296B794A00018D07 /* Coordinator.swift */,
				6ED3B469296B797F00018D07 /* String+.swift */,
			);
			name = Core;
			sourceTree = "<group>";
		};
		6ED3B46D296B7AE000018D07 /* UI Components */ = {
			isa = PBXGroup;
			children = (
				6ED3B465296B793500018D07 /* MessagePresenter.swift */,
				6ED3B46B296B7ACC00018D07 /* LoadingView.swift */,
				6EAD9345296C8AF900F2211F /* ImagePickerPresenter.swift */,
			);
			name = "UI Components";
			sourceTree = "<group>";
		};
		6ED3B474296B99E100018D07 /* Items */ = {
			isa = PBXGroup;
			children = (
				6E203BF32969F26900F30F7B /* ItemsViewController.swift */,
				6ED3B46E296B7D3C00018D07 /* ItemCell.swift */,
				6ED3B45C296B581400018D07 /* ItemsViewModel.swift */,
				6ED3B470296B89A700018D07 /* ItemsViewState.swift */,
			);
			name = Items;
			sourceTree = "<group>";
		};
		6ED3B475296B99F100018D07 /* Item Details */ = {
			isa = PBXGroup;
			children = (
				6ED3B472296B97E200018D07 /* ItemDetailsViewController.swift */,
				6ED3B476296B9A1B00018D07 /* ItemDetailsViewModel.swift */,
				6EAD933A296C19F500F2211F /* ItemDetailsViewState.swift */,
			);
			name = "Item Details";
			sourceTree = "<group>";
		};
/* End PBXGroup section */

/* Begin PBXNativeTarget section */
		6E203BEB2969F26900F30F7B /* Folders */ = {
			isa = PBXNativeTarget;
			buildConfigurationList = 6E203C162969F26C00F30F7B /* Build configuration list for PBXNativeTarget "Folders" */;
			buildPhases = (
				6E203BE82969F26900F30F7B /* Sources */,
				6E203BE92969F26900F30F7B /* Frameworks */,
				6E203BEA2969F26900F30F7B /* Resources */,
			);
			buildRules = (
			);
			dependencies = (
			);
			name = Folders;
			productName = Folders;
			productReference = 6E203BEC2969F26900F30F7B /* Folders.app */;
			productType = "com.apple.product-type.application";
		};
		6E203C012969F26C00F30F7B /* FoldersTests */ = {
			isa = PBXNativeTarget;
			buildConfigurationList = 6E203C192969F26C00F30F7B /* Build configuration list for PBXNativeTarget "FoldersTests" */;
			buildPhases = (
				6E203BFE2969F26C00F30F7B /* Sources */,
				6E203BFF2969F26C00F30F7B /* Frameworks */,
				6E203C002969F26C00F30F7B /* Resources */,
			);
			buildRules = (
			);
			dependencies = (
				6E203C042969F26C00F30F7B /* PBXTargetDependency */,
			);
			name = FoldersTests;
			productName = FoldersTests;
			productReference = 6E203C022969F26C00F30F7B /* FoldersTests.xctest */;
			productType = "com.apple.product-type.bundle.unit-test";
		};
/* End PBXNativeTarget section */

/* Begin PBXProject section */
		6E203BE42969F26900F30F7B /* Project object */ = {
			isa = PBXProject;
			attributes = {
				BuildIndependentTargetsInParallel = 1;
				LastSwiftUpdateCheck = 1420;
				LastUpgradeCheck = 1420;
				TargetAttributes = {
					6E203BEB2969F26900F30F7B = {
						CreatedOnToolsVersion = 14.2;
					};
					6E203C012969F26C00F30F7B = {
						CreatedOnToolsVersion = 14.2;
						TestTargetID = 6E203BEB2969F26900F30F7B;
					};
				};
			};
			buildConfigurationList = 6E203BE72969F26900F30F7B /* Build configuration list for PBXProject "Folders" */;
			compatibilityVersion = "Xcode 14.0";
			developmentRegion = en;
			hasScannedForEncodings = 0;
			knownRegions = (
				en,
				Base,
			);
			mainGroup = 6E203BE32969F26900F30F7B;
			productRefGroup = 6E203BED2969F26900F30F7B /* Products */;
			projectDirPath = "";
			projectRoot = "";
			targets = (
				6E203BEB2969F26900F30F7B /* Folders */,
				6E203C012969F26C00F30F7B /* FoldersTests */,
			);
		};
/* End PBXProject section */

/* Begin PBXResourcesBuildPhase section */
		6E203BEA2969F26900F30F7B /* Resources */ = {
			isa = PBXResourcesBuildPhase;
			buildActionMask = 2147483647;
			files = (
				6E203BFC2969F26C00F30F7B /* LaunchScreen.storyboard in Resources */,
				6E203BF92969F26C00F30F7B /* Assets.xcassets in Resources */,
			);
			runOnlyForDeploymentPostprocessing = 0;
		};
		6E203C002969F26C00F30F7B /* Resources */ = {
			isa = PBXResourcesBuildPhase;
			buildActionMask = 2147483647;
			files = (
			);
			runOnlyForDeploymentPostprocessing = 0;
		};
/* End PBXResourcesBuildPhase section */

/* Begin PBXSourcesBuildPhase section */
		6E203BE82969F26900F30F7B /* Sources */ = {
			isa = PBXSourcesBuildPhase;
			buildActionMask = 2147483647;
			files = (
				6EAD933D296C62F000F2211F /* ItemDataRepository.swift in Sources */,
				6ED3B451296B40F000018D07 /* Model.swift in Sources */,
				6ED3B455296B527100018D07 /* Interceptor.swift in Sources */,
				6ED3B462296B5A7300018D07 /* ItemsRepository.swift in Sources */,
				6ED3B477296B9A1B00018D07 /* ItemDetailsViewModel.swift in Sources */,
				6EAD9346296C8AF900F2211F /* ImagePickerPresenter.swift in Sources */,
				6E203BF42969F26900F30F7B /* ItemsViewController.swift in Sources */,
				6EAD9342296C65B900F2211F /* AuthenticationViewModel.swift in Sources */,
				6ED3B46F296B7D3C00018D07 /* ItemCell.swift in Sources */,
				6E203BF02969F26900F30F7B /* AppDelegate.swift in Sources */,
				6ED3B47D296BA2D500018D07 /* DiskCache.swift in Sources */,
				6ED3B44C296ADEA400018D07 /* HTTPMethod.swift in Sources */,
				6EAD9340296C65AE00F2211F /* AuthenticationViewController.swift in Sources */,
				6ED3B453296B43F800018D07 /* DependenciesContainer.swift in Sources */,
				6ED3B457296B538100018D07 /* BasicAuthentication.swift in Sources */,
				6ED3B479296BA29800018D07 /* Cache.swift in Sources */,
				6ED3B47B296BA2B500018D07 /* MemoryCache.swift in Sources */,
				6ED3B446296ADDE000018D07 /* APIService.swift in Sources */,
				6EAD933B296C19F500F2211F /* ItemDetailsViewState.swift in Sources */,
				6E203BF22969F26900F30F7B /* SceneDelegate.swift in Sources */,
				6ED3B46A296B797F00018D07 /* String+.swift in Sources */,
				6ED3B468296B794A00018D07 /* Coordinator.swift in Sources */,
				6ED3B471296B89A700018D07 /* ItemsViewState.swift in Sources */,
				6ED3B45A296B57D800018D07 /* AppCoordinator.swift in Sources */,
				6ED3B448296ADDE900018D07 /* APIEndpoint.swift in Sources */,
				6ED3B473296B97E200018D07 /* ItemDetailsViewController.swift in Sources */,
				6ED3B45D296B581400018D07 /* ItemsViewModel.swift in Sources */,
				6ED3B44F296B40E400018D07 /* Endpoints.swift in Sources */,
				6ED3B466296B793500018D07 /* MessagePresenter.swift in Sources */,
				6ED3B46C296B7ACC00018D07 /* LoadingView.swift in Sources */,
				6ED3B44A296ADE5300018D07 /* APIError.swift in Sources */,
			);
			runOnlyForDeploymentPostprocessing = 0;
		};
		6E203BFE2969F26C00F30F7B /* Sources */ = {
			isa = PBXSourcesBuildPhase;
			buildActionMask = 2147483647;
			files = (
				6E203C072969F26C00F30F7B /* FoldersTests.swift in Sources */,
			);
			runOnlyForDeploymentPostprocessing = 0;
		};
/* End PBXSourcesBuildPhase section */

/* Begin PBXTargetDependency section */
		6E203C042969F26C00F30F7B /* PBXTargetDependency */ = {
			isa = PBXTargetDependency;
			target = 6E203BEB2969F26900F30F7B /* Folders */;
			targetProxy = 6E203C032969F26C00F30F7B /* PBXContainerItemProxy */;
		};
/* End PBXTargetDependency section */

/* Begin PBXVariantGroup section */
		6E203BFA2969F26C00F30F7B /* LaunchScreen.storyboard */ = {
			isa = PBXVariantGroup;
			children = (
				6E203BFB2969F26C00F30F7B /* Base */,
			);
			name = LaunchScreen.storyboard;
			sourceTree = "<group>";
		};
/* End PBXVariantGroup section */

/* Begin XCBuildConfiguration section */
		6E203C142969F26C00F30F7B /* Debug */ = {
			isa = XCBuildConfiguration;
			buildSettings = {
				ALWAYS_SEARCH_USER_PATHS = NO;
				CLANG_ANALYZER_NONNULL = YES;
				CLANG_ANALYZER_NUMBER_OBJECT_CONVERSION = YES_AGGRESSIVE;
				CLANG_CXX_LANGUAGE_STANDARD = "gnu++20";
				CLANG_ENABLE_MODULES = YES;
				CLANG_ENABLE_OBJC_ARC = YES;
				CLANG_ENABLE_OBJC_WEAK = YES;
				CLANG_WARN_BLOCK_CAPTURE_AUTORELEASING = YES;
				CLANG_WARN_BOOL_CONVERSION = YES;
				CLANG_WARN_COMMA = YES;
				CLANG_WARN_CONSTANT_CONVERSION = YES;
				CLANG_WARN_DEPRECATED_OBJC_IMPLEMENTATIONS = YES;
				CLANG_WARN_DIRECT_OBJC_ISA_USAGE = YES_ERROR;
				CLANG_WARN_DOCUMENTATION_COMMENTS = YES;
				CLANG_WARN_EMPTY_BODY = YES;
				CLANG_WARN_ENUM_CONVERSION = YES;
				CLANG_WARN_INFINITE_RECURSION = YES;
				CLANG_WARN_INT_CONVERSION = YES;
				CLANG_WARN_NON_LITERAL_NULL_CONVERSION = YES;
				CLANG_WARN_OBJC_IMPLICIT_RETAIN_SELF = YES;
				CLANG_WARN_OBJC_LITERAL_CONVERSION = YES;
				CLANG_WARN_OBJC_ROOT_CLASS = YES_ERROR;
				CLANG_WARN_QUOTED_INCLUDE_IN_FRAMEWORK_HEADER = YES;
				CLANG_WARN_RANGE_LOOP_ANALYSIS = YES;
				CLANG_WARN_STRICT_PROTOTYPES = YES;
				CLANG_WARN_SUSPICIOUS_MOVE = YES;
				CLANG_WARN_UNGUARDED_AVAILABILITY = YES_AGGRESSIVE;
				CLANG_WARN_UNREACHABLE_CODE = YES;
				CLANG_WARN__DUPLICATE_METHOD_MATCH = YES;
				COPY_PHASE_STRIP = NO;
				DEBUG_INFORMATION_FORMAT = dwarf;
				ENABLE_STRICT_OBJC_MSGSEND = YES;
				ENABLE_TESTABILITY = YES;
				GCC_C_LANGUAGE_STANDARD = gnu11;
				GCC_DYNAMIC_NO_PIC = NO;
				GCC_NO_COMMON_BLOCKS = YES;
				GCC_OPTIMIZATION_LEVEL = 0;
				GCC_PREPROCESSOR_DEFINITIONS = (
					"DEBUG=1",
					"$(inherited)",
				);
				GCC_WARN_64_TO_32_BIT_CONVERSION = YES;
				GCC_WARN_ABOUT_RETURN_TYPE = YES_ERROR;
				GCC_WARN_UNDECLARED_SELECTOR = YES;
				GCC_WARN_UNINITIALIZED_AUTOS = YES_AGGRESSIVE;
				GCC_WARN_UNUSED_FUNCTION = YES;
				GCC_WARN_UNUSED_VARIABLE = YES;
				IPHONEOS_DEPLOYMENT_TARGET = 16.2;
				MTL_ENABLE_DEBUG_INFO = INCLUDE_SOURCE;
				MTL_FAST_MATH = YES;
				ONLY_ACTIVE_ARCH = YES;
				SDKROOT = iphoneos;
				SWIFT_ACTIVE_COMPILATION_CONDITIONS = DEBUG;
				SWIFT_OPTIMIZATION_LEVEL = "-Onone";
			};
			name = Debug;
		};
		6E203C152969F26C00F30F7B /* Release */ = {
			isa = XCBuildConfiguration;
			buildSettings = {
				ALWAYS_SEARCH_USER_PATHS = NO;
				CLANG_ANALYZER_NONNULL = YES;
				CLANG_ANALYZER_NUMBER_OBJECT_CONVERSION = YES_AGGRESSIVE;
				CLANG_CXX_LANGUAGE_STANDARD = "gnu++20";
				CLANG_ENABLE_MODULES = YES;
				CLANG_ENABLE_OBJC_ARC = YES;
				CLANG_ENABLE_OBJC_WEAK = YES;
				CLANG_WARN_BLOCK_CAPTURE_AUTORELEASING = YES;
				CLANG_WARN_BOOL_CONVERSION = YES;
				CLANG_WARN_COMMA = YES;
				CLANG_WARN_CONSTANT_CONVERSION = YES;
				CLANG_WARN_DEPRECATED_OBJC_IMPLEMENTATIONS = YES;
				CLANG_WARN_DIRECT_OBJC_ISA_USAGE = YES_ERROR;
				CLANG_WARN_DOCUMENTATION_COMMENTS = YES;
				CLANG_WARN_EMPTY_BODY = YES;
				CLANG_WARN_ENUM_CONVERSION = YES;
				CLANG_WARN_INFINITE_RECURSION = YES;
				CLANG_WARN_INT_CONVERSION = YES;
				CLANG_WARN_NON_LITERAL_NULL_CONVERSION = YES;
				CLANG_WARN_OBJC_IMPLICIT_RETAIN_SELF = YES;
				CLANG_WARN_OBJC_LITERAL_CONVERSION = YES;
				CLANG_WARN_OBJC_ROOT_CLASS = YES_ERROR;
				CLANG_WARN_QUOTED_INCLUDE_IN_FRAMEWORK_HEADER = YES;
				CLANG_WARN_RANGE_LOOP_ANALYSIS = YES;
				CLANG_WARN_STRICT_PROTOTYPES = YES;
				CLANG_WARN_SUSPICIOUS_MOVE = YES;
				CLANG_WARN_UNGUARDED_AVAILABILITY = YES_AGGRESSIVE;
				CLANG_WARN_UNREACHABLE_CODE = YES;
				CLANG_WARN__DUPLICATE_METHOD_MATCH = YES;
				COPY_PHASE_STRIP = NO;
				DEBUG_INFORMATION_FORMAT = "dwarf-with-dsym";
				ENABLE_NS_ASSERTIONS = NO;
				ENABLE_STRICT_OBJC_MSGSEND = YES;
				GCC_C_LANGUAGE_STANDARD = gnu11;
				GCC_NO_COMMON_BLOCKS = YES;
				GCC_WARN_64_TO_32_BIT_CONVERSION = YES;
				GCC_WARN_ABOUT_RETURN_TYPE = YES_ERROR;
				GCC_WARN_UNDECLARED_SELECTOR = YES;
				GCC_WARN_UNINITIALIZED_AUTOS = YES_AGGRESSIVE;
				GCC_WARN_UNUSED_FUNCTION = YES;
				GCC_WARN_UNUSED_VARIABLE = YES;
				IPHONEOS_DEPLOYMENT_TARGET = 16.2;
				MTL_ENABLE_DEBUG_INFO = NO;
				MTL_FAST_MATH = YES;
				SDKROOT = iphoneos;
				SWIFT_COMPILATION_MODE = wholemodule;
				SWIFT_OPTIMIZATION_LEVEL = "-O";
				VALIDATE_PRODUCT = YES;
			};
			name = Release;
		};
		6E203C172969F26C00F30F7B /* Debug */ = {
			isa = XCBuildConfiguration;
			buildSettings = {
				ASSETCATALOG_COMPILER_APPICON_NAME = AppIcon;
				ASSETCATALOG_COMPILER_GLOBAL_ACCENT_COLOR_NAME = AccentColor;
				CODE_SIGN_STYLE = Automatic;
				CURRENT_PROJECT_VERSION = 1;
				DEVELOPMENT_TEAM = PKK38A5A2E;
				GENERATE_INFOPLIST_FILE = YES;
				INFOPLIST_FILE = Folders/Info.plist;
				INFOPLIST_KEY_NSCameraUsageDescription = "We need to access the camera if you want to take a picture.";
				INFOPLIST_KEY_UIApplicationSupportsIndirectInputEvents = YES;
				INFOPLIST_KEY_UILaunchStoryboardName = LaunchScreen;
				INFOPLIST_KEY_UISupportedInterfaceOrientations_iPad = "UIInterfaceOrientationPortrait UIInterfaceOrientationPortraitUpsideDown UIInterfaceOrientationLandscapeLeft UIInterfaceOrientationLandscapeRight";
				INFOPLIST_KEY_UISupportedInterfaceOrientations_iPhone = "UIInterfaceOrientationPortrait UIInterfaceOrientationLandscapeLeft UIInterfaceOrientationLandscapeRight";
				LD_RUNPATH_SEARCH_PATHS = (
					"$(inherited)",
					"@executable_path/Frameworks",
				);
				MARKETING_VERSION = 1.0;
				PRODUCT_BUNDLE_IDENTIFIER = com.microeditionbiz.Folders;
				PRODUCT_NAME = "$(TARGET_NAME)";
				SWIFT_EMIT_LOC_STRINGS = YES;
				SWIFT_VERSION = 5.0;
				TARGETED_DEVICE_FAMILY = "1,2";
			};
			name = Debug;
		};
		6E203C182969F26C00F30F7B /* Release */ = {
			isa = XCBuildConfiguration;
			buildSettings = {
				ASSETCATALOG_COMPILER_APPICON_NAME = AppIcon;
				ASSETCATALOG_COMPILER_GLOBAL_ACCENT_COLOR_NAME = AccentColor;
				CODE_SIGN_STYLE = Automatic;
				CURRENT_PROJECT_VERSION = 1;
				DEVELOPMENT_TEAM = PKK38A5A2E;
				GENERATE_INFOPLIST_FILE = YES;
				INFOPLIST_FILE = Folders/Info.plist;
				INFOPLIST_KEY_NSCameraUsageDescription = "We need to access the camera if you want to take a picture.";
				INFOPLIST_KEY_UIApplicationSupportsIndirectInputEvents = YES;
				INFOPLIST_KEY_UILaunchStoryboardName = LaunchScreen;
				INFOPLIST_KEY_UISupportedInterfaceOrientations_iPad = "UIInterfaceOrientationPortrait UIInterfaceOrientationPortraitUpsideDown UIInterfaceOrientationLandscapeLeft UIInterfaceOrientationLandscapeRight";
				INFOPLIST_KEY_UISupportedInterfaceOrientations_iPhone = "UIInterfaceOrientationPortrait UIInterfaceOrientationLandscapeLeft UIInterfaceOrientationLandscapeRight";
				LD_RUNPATH_SEARCH_PATHS = (
					"$(inherited)",
					"@executable_path/Frameworks",
				);
				MARKETING_VERSION = 1.0;
				PRODUCT_BUNDLE_IDENTIFIER = com.microeditionbiz.Folders;
				PRODUCT_NAME = "$(TARGET_NAME)";
				SWIFT_EMIT_LOC_STRINGS = YES;
				SWIFT_VERSION = 5.0;
				TARGETED_DEVICE_FAMILY = "1,2";
			};
			name = Release;
		};
		6E203C1A2969F26C00F30F7B /* Debug */ = {
			isa = XCBuildConfiguration;
			buildSettings = {
				ALWAYS_EMBED_SWIFT_STANDARD_LIBRARIES = YES;
				BUNDLE_LOADER = "$(TEST_HOST)";
				CODE_SIGN_STYLE = Automatic;
				CURRENT_PROJECT_VERSION = 1;
				DEVELOPMENT_TEAM = PKK38A5A2E;
				GENERATE_INFOPLIST_FILE = YES;
				IPHONEOS_DEPLOYMENT_TARGET = 16.2;
				MARKETING_VERSION = 1.0;
				PRODUCT_BUNDLE_IDENTIFIER = com.microeditionbiz.FoldersTests;
				PRODUCT_NAME = "$(TARGET_NAME)";
				SWIFT_EMIT_LOC_STRINGS = NO;
				SWIFT_VERSION = 5.0;
				TARGETED_DEVICE_FAMILY = "1,2";
				TEST_HOST = "$(BUILT_PRODUCTS_DIR)/Folders.app/$(BUNDLE_EXECUTABLE_FOLDER_PATH)/Folders";
			};
			name = Debug;
		};
		6E203C1B2969F26C00F30F7B /* Release */ = {
			isa = XCBuildConfiguration;
			buildSettings = {
				ALWAYS_EMBED_SWIFT_STANDARD_LIBRARIES = YES;
				BUNDLE_LOADER = "$(TEST_HOST)";
				CODE_SIGN_STYLE = Automatic;
				CURRENT_PROJECT_VERSION = 1;
				DEVELOPMENT_TEAM = PKK38A5A2E;
				GENERATE_INFOPLIST_FILE = YES;
				IPHONEOS_DEPLOYMENT_TARGET = 16.2;
				MARKETING_VERSION = 1.0;
				PRODUCT_BUNDLE_IDENTIFIER = com.microeditionbiz.FoldersTests;
				PRODUCT_NAME = "$(TARGET_NAME)";
				SWIFT_EMIT_LOC_STRINGS = NO;
				SWIFT_VERSION = 5.0;
				TARGETED_DEVICE_FAMILY = "1,2";
				TEST_HOST = "$(BUILT_PRODUCTS_DIR)/Folders.app/$(BUNDLE_EXECUTABLE_FOLDER_PATH)/Folders";
			};
			name = Release;
		};
/* End XCBuildConfiguration section */

/* Begin XCConfigurationList section */
		6E203BE72969F26900F30F7B /* Build configuration list for PBXProject "Folders" */ = {
			isa = XCConfigurationList;
			buildConfigurations = (
				6E203C142969F26C00F30F7B /* Debug */,
				6E203C152969F26C00F30F7B /* Release */,
			);
			defaultConfigurationIsVisible = 0;
			defaultConfigurationName = Release;
		};
		6E203C162969F26C00F30F7B /* Build configuration list for PBXNativeTarget "Folders" */ = {
			isa = XCConfigurationList;
			buildConfigurations = (
				6E203C172969F26C00F30F7B /* Debug */,
				6E203C182969F26C00F30F7B /* Release */,
			);
			defaultConfigurationIsVisible = 0;
			defaultConfigurationName = Release;
		};
		6E203C192969F26C00F30F7B /* Build configuration list for PBXNativeTarget "FoldersTests" */ = {
			isa = XCConfigurationList;
			buildConfigurations = (
				6E203C1A2969F26C00F30F7B /* Debug */,
				6E203C1B2969F26C00F30F7B /* Release */,
			);
			defaultConfigurationIsVisible = 0;
			defaultConfigurationName = Release;
		};
/* End XCConfigurationList section */
	};
	rootObject = 6E203BE42969F26900F30F7B /* Project object */;
}
